
Microsoft Visual Studio Solution File, Format Version 12.00
# Visual Studio Version 16
VisualStudioVersion = 16.0.30503.244
MinimumVisualStudioVersion = 10.0.40219.1
Project("{2150E333-8FDC-42A3-9474-1A3956D46DE8}") = "Services", "Services", "{9B353F06-A8F4-48C1-82E4-600FA6595DF1}"
EndProject
Project("{2150E333-8FDC-42A3-9474-1A3956D46DE8}") = "Catalog", "Catalog", "{8D8F86BE-7540-42CD-A576-DD87E728FB15}"
EndProject
Project("{9A19103F-16F7-4668-BE54-9A1E7A4F7556}") = "Catalog.API", "Services\Catalog\Catalog.API\Catalog.API.csproj", "{9A13E4D0-06DB-413C-818B-EC61313E28D0}"
EndProject
Project("{E53339B2-1760-4266-BCC7-CA923CBCF16C}") = "docker-compose", "docker-compose.dcproj", "{D39C6E8B-08E7-4CE6-A2A7-525304FA7913}"
EndProject
Project("{2150E333-8FDC-42A3-9474-1A3956D46DE8}") = "Basket", "Basket", "{40359C17-23F9-4887-8518-A3607D0FD39D}"
EndProject
Project("{FAE04EC0-301F-11D3-BF4B-00C04F79EFBC}") = "Basket.API", "Services\Basket\Basket.API\Basket.API.csproj", "{C6895975-112C-4B8F-BF89-68C281C02C9B}"
EndProject
Global
	GlobalSection(SolutionConfigurationPlatforms) = preSolution
		Debug|Any CPU = Debug|Any CPU
		Release|Any CPU = Release|Any CPU
	EndGlobalSection
	GlobalSection(ProjectConfigurationPlatforms) = postSolution
		{9A13E4D0-06DB-413C-818B-EC61313E28D0}.Debug|Any CPU.ActiveCfg = Debug|Any CPU
		{9A13E4D0-06DB-413C-818B-EC61313E28D0}.Debug|Any CPU.Build.0 = Debug|Any CPU
		{9A13E4D0-06DB-413C-818B-EC61313E28D0}.Release|Any CPU.ActiveCfg = Release|Any CPU
		{9A13E4D0-06DB-413C-818B-EC61313E28D0}.Release|Any CPU.Build.0 = Release|Any CPU
		{D39C6E8B-08E7-4CE6-A2A7-525304FA7913}.Debug|Any CPU.ActiveCfg = Debug|Any CPU
		{D39C6E8B-08E7-4CE6-A2A7-525304FA7913}.Debug|Any CPU.Build.0 = Debug|Any CPU
		{D39C6E8B-08E7-4CE6-A2A7-525304FA7913}.Release|Any CPU.ActiveCfg = Release|Any CPU
		{D39C6E8B-08E7-4CE6-A2A7-525304FA7913}.Release|Any CPU.Build.0 = Release|Any CPU
		{C6895975-112C-4B8F-BF89-68C281C02C9B}.Debug|Any CPU.ActiveCfg = Debug|Any CPU
		{C6895975-112C-4B8F-BF89-68C281C02C9B}.Debug|Any CPU.Build.0 = Debug|Any CPU
		{C6895975-112C-4B8F-BF89-68C281C02C9B}.Release|Any CPU.ActiveCfg = Release|Any CPU
		{C6895975-112C-4B8F-BF89-68C281C02C9B}.Release|Any CPU.Build.0 = Release|Any CPU
	EndGlobalSection
	GlobalSection(SolutionProperties) = preSolution
		HideSolutionNode = FALSE
	EndGlobalSection
	GlobalSection(NestedProjects) = preSolution
		{8D8F86BE-7540-42CD-A576-DD87E728FB15} = {9B353F06-A8F4-48C1-82E4-600FA6595DF1}
		{9A13E4D0-06DB-413C-818B-EC61313E28D0} = {8D8F86BE-7540-42CD-A576-DD87E728FB15}
		{40359C17-23F9-4887-8518-A3607D0FD39D} = {9B353F06-A8F4-48C1-82E4-600FA6595DF1}
		{C6895975-112C-4B8F-BF89-68C281C02C9B} = {40359C17-23F9-4887-8518-A3607D0FD39D}
	EndGlobalSection
	GlobalSection(ExtensibilityGlobals) = postSolution
		SolutionGuid = {FB3C879F-4725-4C3A-A074-24DDD7074D9E}
	EndGlobalSection
EndGlobal
